
Microsoft Visual Studio Solution File, Format Version 12.00
# Visual Studio Version 17
VisualStudioVersion = 17.8.34511.84
MinimumVisualStudioVersion = 10.0.40219.1
Project("{9A19103F-16F7-4668-BE54-9A1E7A4F7556}") = "MyApp", "MyApp\MyApp.csproj", "{CD6B419F-F035-4EDB-90AA-2B19B7C550C2}"
EndProject
Project("{2150E333-8FDC-42A3-9474-1A3956D46DE8}") = "Solution Items", "Solution Items", "{BAEA8E90-9C6B-4A85-8C94-503681857B7E}"
	ProjectSection(SolutionItems) = preProject
		.editorconfig = .editorconfig
	EndProjectSection
EndProject
Global
	GlobalSection(SolutionConfigurationPlatforms) = preSolution
		Debug|Any CPU = Debug|Any CPU
		Release|Any CPU = Release|Any CPU
	EndGlobalSection
	GlobalSection(ProjectConfigurationPlatforms) = postSolution
		{CD6B419F-F035-4EDB-90AA-2B19B7C550C2}.Debug|Any CPU.ActiveCfg = Debug|Any CPU
		{CD6B419F-F035-4EDB-90AA-2B19B7C550C2}.Debug|Any CPU.Build.0 = Debug|Any CPU
		{CD6B419F-F035-4EDB-90AA-2B19B7C550C2}.Debug|Any CPU.Deploy.0 = Debug|Any CPU
		{CD6B419F-F035-4EDB-90AA-2B19B7C550C2}.Release|Any CPU.ActiveCfg = Release|Any CPU
		{CD6B419F-F035-4EDB-90AA-2B19B7C550C2}.Release|Any CPU.Build.0 = Release|Any CPU
		{CD6B419F-F035-4EDB-90AA-2B19B7C550C2}.Release|Any CPU.Deploy.0 = Release|Any CPU
	EndGlobalSection
	GlobalSection(SolutionProperties) = preSolution
		HideSolutionNode = FALSE
	EndGlobalSection
	GlobalSection(ExtensibilityGlobals) = postSolution
		SolutionGuid = {6FC5FEBD-BC32-4044-A3AF-A45D0AE5443D}
	EndGlobalSection
EndGlobal
